
Microsoft Visual Studio Solution File, Format Version 11.00
# Visual Studio 2010
Project("{FAE04EC0-301F-11D3-BF4B-00C04F79EFBC}") = "iOS", "iOS\iOS.csproj", "{68E7A557-4B4B-49DD-8CA6-2ABDBF95C6D6}"
EndProject
Project("{FAE04EC0-301F-11D3-BF4B-00C04F79EFBC}") = "Droid", "Droid\Droid.csproj", "{49F7A442-01E9-4FD3-9DF0-998F8E823F9F}"
EndProject
Global
	GlobalSection(SolutionConfigurationPlatforms) = preSolution
		Debug|iPhoneSimulator = Debug|iPhoneSimulator
		Release|iPhoneSimulator = Release|iPhoneSimulator
		Debug|iPhone = Debug|iPhone
		Release|iPhone = Release|iPhone
		Ad-Hoc|iPhone = Ad-Hoc|iPhone
		AppStore|iPhone = AppStore|iPhone
	EndGlobalSection
	GlobalSection(ProjectConfigurationPlatforms) = postSolution
		{49F7A442-01E9-4FD3-9DF0-998F8E823F9F}.Ad-Hoc|iPhone.ActiveCfg = Release|Any CPU
		{49F7A442-01E9-4FD3-9DF0-998F8E823F9F}.Ad-Hoc|iPhone.Build.0 = Release|Any CPU
		{49F7A442-01E9-4FD3-9DF0-998F8E823F9F}.AppStore|iPhone.ActiveCfg = Release|Any CPU
		{49F7A442-01E9-4FD3-9DF0-998F8E823F9F}.AppStore|iPhone.Build.0 = Release|Any CPU
		{49F7A442-01E9-4FD3-9DF0-998F8E823F9F}.Debug|iPhone.ActiveCfg = Debug|Any CPU
		{49F7A442-01E9-4FD3-9DF0-998F8E823F9F}.Debug|iPhone.Build.0 = Debug|Any CPU
		{49F7A442-01E9-4FD3-9DF0-998F8E823F9F}.Debug|iPhoneSimulator.ActiveCfg = Debug|Any CPU
		{49F7A442-01E9-4FD3-9DF0-998F8E823F9F}.Debug|iPhoneSimulator.Build.0 = Debug|Any CPU
		{49F7A442-01E9-4FD3-9DF0-998F8E823F9F}.Release|iPhone.ActiveCfg = Release|Any CPU
		{49F7A442-01E9-4FD3-9DF0-998F8E823F9F}.Release|iPhone.Build.0 = Release|Any CPU
		{49F7A442-01E9-4FD3-9DF0-998F8E823F9F}.Release|iPhoneSimulator.ActiveCfg = Release|Any CPU
		{49F7A442-01E9-4FD3-9DF0-998F8E823F9F}.Release|iPhoneSimulator.Build.0 = Release|Any CPU
		{68E7A557-4B4B-49DD-8CA6-2ABDBF95C6D6}.Ad-Hoc|iPhone.ActiveCfg = Ad-Hoc|iPhone
		{68E7A557-4B4B-49DD-8CA6-2ABDBF95C6D6}.Ad-Hoc|iPhone.Build.0 = Ad-Hoc|iPhone
		{68E7A557-4B4B-49DD-8CA6-2ABDBF95C6D6}.AppStore|iPhone.ActiveCfg = AppStore|iPhone
		{68E7A557-4B4B-49DD-8CA6-2ABDBF95C6D6}.AppStore|iPhone.Build.0 = AppStore|iPhone
		{68E7A557-4B4B-49DD-8CA6-2ABDBF95C6D6}.Debug|iPhone.ActiveCfg = Debug|iPhone
		{68E7A557-4B4B-49DD-8CA6-2ABDBF95C6D6}.Debug|iPhone.Build.0 = Debug|iPhone
		{68E7A557-4B4B-49DD-8CA6-2ABDBF95C6D6}.Debug|iPhoneSimulator.ActiveCfg = Debug|iPhoneSimulator
		{68E7A557-4B4B-49DD-8CA6-2ABDBF95C6D6}.Debug|iPhoneSimulator.Build.0 = Debug|iPhoneSimulator
		{68E7A557-4B4B-49DD-8CA6-2ABDBF95C6D6}.Release|iPhone.ActiveCfg = Release|iPhone
		{68E7A557-4B4B-49DD-8CA6-2ABDBF95C6D6}.Release|iPhone.Build.0 = Release|iPhone
		{68E7A557-4B4B-49DD-8CA6-2ABDBF95C6D6}.Release|iPhoneSimulator.ActiveCfg = Release|iPhoneSimulator
		{68E7A557-4B4B-49DD-8CA6-2ABDBF95C6D6}.Release|iPhoneSimulator.Build.0 = Release|iPhoneSimulator
	EndGlobalSection
	GlobalSection(MonoDevelopProperties) = preSolution
		StartupItem = Droid\Droid.csproj
	EndGlobalSection
EndGlobal
